
Microsoft Visual Studio Solution File, Format Version 12.00
# Visual Studio Version 17
VisualStudioVersion = 17.8.34330.188
MinimumVisualStudioVersion = 10.0.40219.1
Project("{FAE04EC0-301F-11D3-BF4B-00C04F79EFBC}") = "example", "example.csproj", "{1BF58027-1F66-4BC3-AC82-5330D696087A}"
EndProject
Global
	GlobalSection(SolutionConfigurationPlatforms) = preSolution
		Debug|Any CPU = Debug|Any CPU
		Release|Any CPU = Release|Any CPU
	EndGlobalSection
	GlobalSection(ProjectConfigurationPlatforms) = postSolution
		{1BF58027-1F66-4BC3-AC82-5330D696087A}.Debug|Any CPU.ActiveCfg = Debug|Any CPU
		{1BF58027-1F66-4BC3-AC82-5330D696087A}.Debug|Any CPU.Build.0 = Debug|Any CPU
		{1BF58027-1F66-4BC3-AC82-5330D696087A}.Release|Any CPU.ActiveCfg = Release|Any CPU
		{1BF58027-1F66-4BC3-AC82-5330D696087A}.Release|Any CPU.Build.0 = Release|Any CPU
	EndGlobalSection
	GlobalSection(SolutionProperties) = preSolution
		HideSolutionNode = FALSE
	EndGlobalSection
	GlobalSection(ExtensibilityGlobals) = postSolution
		SolutionGuid = {2D0ABF85-18FA-4A72-835A-E39EC010C571}
	EndGlobalSection
EndGlobal
